
Microsoft Visual Studio Solution File, Format Version 12.00
# Visual Studio Version 16
VisualStudioVersion = 16.0.31702.278
MinimumVisualStudioVersion = 10.0.40219.1
Project("{FAE04EC0-301F-11D3-BF4B-00C04F79EFBC}") = "testingrockpaperscissors", "testingrockpaperscissors\testingrockpaperscissors.csproj", "{3CF96A09-5EB0-41D9-AD9F-AE3C0F3B376B}"
EndProject
Global
	GlobalSection(SolutionConfigurationPlatforms) = preSolution
		Debug|Any CPU = Debug|Any CPU
		Release|Any CPU = Release|Any CPU
	EndGlobalSection
	GlobalSection(ProjectConfigurationPlatforms) = postSolution
		{3CF96A09-5EB0-41D9-AD9F-AE3C0F3B376B}.Debug|Any CPU.ActiveCfg = Debug|Any CPU
		{3CF96A09-5EB0-41D9-AD9F-AE3C0F3B376B}.Debug|Any CPU.Build.0 = Debug|Any CPU
		{3CF96A09-5EB0-41D9-AD9F-AE3C0F3B376B}.Release|Any CPU.ActiveCfg = Release|Any CPU
		{3CF96A09-5EB0-41D9-AD9F-AE3C0F3B376B}.Release|Any CPU.Build.0 = Release|Any CPU
	EndGlobalSection
	GlobalSection(SolutionProperties) = preSolution
		HideSolutionNode = FALSE
	EndGlobalSection
	GlobalSection(ExtensibilityGlobals) = postSolution
		SolutionGuid = {C37313B1-FB69-4827-9EBD-CFCA878E8E11}
	EndGlobalSection
EndGlobal
